// !$*UTF8*$!
{
	archiveVersion = 1;
	classes = {
	};
	objectVersion = 52;
	objects = {

/* Begin PBXBuildFile section */
		F302A5D725AB3F7E0037CF8A /* AppDelegate.swift in Sources */ = {isa = PBXBuildFile; fileRef = F302A5D625AB3F7E0037CF8A /* AppDelegate.swift */; };
		F302A5D925AB3F7E0037CF8A /* SceneDelegate.swift in Sources */ = {isa = PBXBuildFile; fileRef = F302A5D825AB3F7E0037CF8A /* SceneDelegate.swift */; };
		F302A5DB25AB3F7E0037CF8A /* ContentView.swift in Sources */ = {isa = PBXBuildFile; fileRef = F302A5DA25AB3F7E0037CF8A /* ContentView.swift */; };
		F302A5DE25AB3F7E0037CF8A /* JuraevApp.xcdatamodeld in Sources */ = {isa = PBXBuildFile; fileRef = F302A5DC25AB3F7E0037CF8A /* JuraevApp.xcdatamodeld */; };
		F302A5E025AB3F7F0037CF8A /* Assets.xcassets in Resources */ = {isa = PBXBuildFile; fileRef = F302A5DF25AB3F7F0037CF8A /* Assets.xcassets */; };
		F302A5E325AB3F7F0037CF8A /* Preview Assets.xcassets in Resources */ = {isa = PBXBuildFile; fileRef = F302A5E225AB3F7F0037CF8A /* Preview Assets.xcassets */; };
		F302A5E625AB3F7F0037CF8A /* LaunchScreen.storyboard in Resources */ = {isa = PBXBuildFile; fileRef = F302A5E425AB3F7F0037CF8A /* LaunchScreen.storyboard */; };
		F368253725AB4F9A00F4EAC0 /* DataFirstScreen.swift in Sources */ = {isa = PBXBuildFile; fileRef = F368253625AB4F9A00F4EAC0 /* DataFirstScreen.swift */; };
		F368253A25AB4FAB00F4EAC0 /* DataSecondScreen.swift in Sources */ = {isa = PBXBuildFile; fileRef = F368253925AB4FAB00F4EAC0 /* DataSecondScreen.swift */; };
		F368253E25AB56CD00F4EAC0 /* protocols.swift in Sources */ = {isa = PBXBuildFile; fileRef = F368253D25AB56CD00F4EAC0 /* protocols.swift */; };
		F37BDCD125AC3464003DA4D4 /* AnimationScreen.swift in Sources */ = {isa = PBXBuildFile; fileRef = F37BDCD025AC3464003DA4D4 /* AnimationScreen.swift */; };
		F37BDCD525AC7F5B003DA4D4 /* LottieAnimation.swift in Sources */ = {isa = PBXBuildFile; fileRef = F37BDCD425AC7F5B003DA4D4 /* LottieAnimation.swift */; };
		F37BDCD925ACA817003DA4D4 /* Lottie in Frameworks */ = {isa = PBXBuildFile; productRef = F37BDCD825ACA817003DA4D4 /* Lottie */; };
		F37BDCE425ACB34D003DA4D4 /* LottieView.swift in Sources */ = {isa = PBXBuildFile; fileRef = F37BDCE325ACB34D003DA4D4 /* LottieView.swift */; };
		F37BDCE825ACC2AE003DA4D4 /* fb_icon.json in Resources */ = {isa = PBXBuildFile; fileRef = F37BDCE725ACC2AE003DA4D4 /* fb_icon.json */; };
		F37BDCEB25ACC377003DA4D4 /* 43260-facebook-tab.json in Resources */ = {isa = PBXBuildFile; fileRef = F37BDCEA25ACC377003DA4D4 /* 43260-facebook-tab.json */; };
		F3D5CD4B25AB5EE4009B0FE3 /* SlidesScreen.swift in Sources */ = {isa = PBXBuildFile; fileRef = F3D5CD4A25AB5EE4009B0FE3 /* SlidesScreen.swift */; };
		F3D5CD5025AB5FA3009B0FE3 /* AlertDialogScreen.swift in Sources */ = {isa = PBXBuildFile; fileRef = F3D5CD4F25AB5FA3009B0FE3 /* AlertDialogScreen.swift */; };
/* End PBXBuildFile section */

/* Begin PBXFileReference section */
		F302A5D325AB3F7E0037CF8A /* JuraevApp.app */ = {isa = PBXFileReference; explicitFileType = wrapper.application; includeInIndex = 0; path = JuraevApp.app; sourceTree = BUILT_PRODUCTS_DIR; };
		F302A5D625AB3F7E0037CF8A /* AppDelegate.swift */ = {isa = PBXFileReference; lastKnownFileType = sourcecode.swift; path = AppDelegate.swift; sourceTree = "<group>"; };
		F302A5D825AB3F7E0037CF8A /* SceneDelegate.swift */ = {isa = PBXFileReference; lastKnownFileType = sourcecode.swift; path = SceneDelegate.swift; sourceTree = "<group>"; };
		F302A5DA25AB3F7E0037CF8A /* ContentView.swift */ = {isa = PBXFileReference; lastKnownFileType = sourcecode.swift; path = ContentView.swift; sourceTree = "<group>"; };
		F302A5DD25AB3F7E0037CF8A /* JuraevApp.xcdatamodel */ = {isa = PBXFileReference; lastKnownFileType = wrapper.xcdatamodel; path = JuraevApp.xcdatamodel; sourceTree = "<group>"; };
		F302A5DF25AB3F7F0037CF8A /* Assets.xcassets */ = {isa = PBXFileReference; lastKnownFileType = folder.assetcatalog; path = Assets.xcassets; sourceTree = "<group>"; };
		F302A5E225AB3F7F0037CF8A /* Preview Assets.xcassets */ = {isa = PBXFileReference; lastKnownFileType = folder.assetcatalog; path = "Preview Assets.xcassets"; sourceTree = "<group>"; };
		F302A5E525AB3F7F0037CF8A /* Base */ = {isa = PBXFileReference; lastKnownFileType = file.storyboard; name = Base; path = Base.lproj/LaunchScreen.storyboard; sourceTree = "<group>"; };
		F302A5E725AB3F7F0037CF8A /* Info.plist */ = {isa = PBXFileReference; lastKnownFileType = text.plist.xml; path = Info.plist; sourceTree = "<group>"; };
		F368253625AB4F9A00F4EAC0 /* DataFirstScreen.swift */ = {isa = PBXFileReference; lastKnownFileType = sourcecode.swift; path = DataFirstScreen.swift; sourceTree = "<group>"; };
		F368253925AB4FAB00F4EAC0 /* DataSecondScreen.swift */ = {isa = PBXFileReference; lastKnownFileType = sourcecode.swift; path = DataSecondScreen.swift; sourceTree = "<group>"; };
		F368253D25AB56CD00F4EAC0 /* protocols.swift */ = {isa = PBXFileReference; lastKnownFileType = sourcecode.swift; path = protocols.swift; sourceTree = "<group>"; };
		F37BDCD025AC3464003DA4D4 /* AnimationScreen.swift */ = {isa = PBXFileReference; lastKnownFileType = sourcecode.swift; path = AnimationScreen.swift; sourceTree = "<group>"; };
		F37BDCD425AC7F5B003DA4D4 /* LottieAnimation.swift */ = {isa = PBXFileReference; lastKnownFileType = sourcecode.swift; path = LottieAnimation.swift; sourceTree = "<group>"; };
		F37BDCE325ACB34D003DA4D4 /* LottieView.swift */ = {isa = PBXFileReference; lastKnownFileType = sourcecode.swift; path = LottieView.swift; sourceTree = "<group>"; };
		F37BDCE725ACC2AE003DA4D4 /* fb_icon.json */ = {isa = PBXFileReference; fileEncoding = 4; lastKnownFileType = text.json; name = fb_icon.json; path = ../../../../Downloads/fb_icon.json; sourceTree = "<group>"; };
		F37BDCEA25ACC377003DA4D4 /* 43260-facebook-tab.json */ = {isa = PBXFileReference; fileEncoding = 4; lastKnownFileType = text.json; name = "43260-facebook-tab.json"; path = "../../../../Downloads/43260-facebook-tab.json"; sourceTree = "<group>"; };
		F3D5CD4A25AB5EE4009B0FE3 /* SlidesScreen.swift */ = {isa = PBXFileReference; lastKnownFileType = sourcecode.swift; path = SlidesScreen.swift; sourceTree = "<group>"; };
		F3D5CD4F25AB5FA3009B0FE3 /* AlertDialogScreen.swift */ = {isa = PBXFileReference; lastKnownFileType = sourcecode.swift; path = AlertDialogScreen.swift; sourceTree = "<group>"; };
/* End PBXFileReference section */

/* Begin PBXFrameworksBuildPhase section */
		F302A5D025AB3F7E0037CF8A /* Frameworks */ = {
			isa = PBXFrameworksBuildPhase;
			buildActionMask = 2147483647;
			files = (
				F37BDCD925ACA817003DA4D4 /* Lottie in Frameworks */,
			);
			runOnlyForDeploymentPostprocessing = 0;
		};
/* End PBXFrameworksBuildPhase section */

/* Begin PBXGroup section */
		F302A5CA25AB3F7E0037CF8A = {
			isa = PBXGroup;
			children = (
				F302A5D525AB3F7E0037CF8A /* JuraevApp */,
				F302A5D425AB3F7E0037CF8A /* Products */,
			);
			sourceTree = "<group>";
		};
		F302A5D425AB3F7E0037CF8A /* Products */ = {
			isa = PBXGroup;
			children = (
				F302A5D325AB3F7E0037CF8A /* JuraevApp.app */,
			);
			name = Products;
			sourceTree = "<group>";
		};
		F302A5D525AB3F7E0037CF8A /* JuraevApp */ = {
			isa = PBXGroup;
			children = (
				F37BDCDB25ACADCA003DA4D4 /* jsons */,
				F37BDCCF25AC3451003DA4D4 /* Animations */,
				F3D5CD4E25AB5F90009B0FE3 /* AlertDialog */,
				F3D5CD4925AB5ED2009B0FE3 /* Slides */,
				F368253C25AB56BF00F4EAC0 /* protocols */,
				F368253525AB4F8000F4EAC0 /* DataScreens */,
				F302A5D625AB3F7E0037CF8A /* AppDelegate.swift */,
				F302A5D825AB3F7E0037CF8A /* SceneDelegate.swift */,
				F302A5DA25AB3F7E0037CF8A /* ContentView.swift */,
				F302A5E725AB3F7F0037CF8A /* Info.plist */,
				F368253425AB4F6F00F4EAC0 /* apputils */,
				F302A5E125AB3F7F0037CF8A /* Preview Content */,
			);
			path = JuraevApp;
			sourceTree = "<group>";
		};
		F302A5E125AB3F7F0037CF8A /* Preview Content */ = {
			isa = PBXGroup;
			children = (
				F302A5E225AB3F7F0037CF8A /* Preview Assets.xcassets */,
			);
			path = "Preview Content";
			sourceTree = "<group>";
		};
		F368253425AB4F6F00F4EAC0 /* apputils */ = {
			isa = PBXGroup;
			children = (
				F302A5DF25AB3F7F0037CF8A /* Assets.xcassets */,
				F302A5E425AB3F7F0037CF8A /* LaunchScreen.storyboard */,
				F302A5DC25AB3F7E0037CF8A /* JuraevApp.xcdatamodeld */,
			);
			path = apputils;
			sourceTree = "<group>";
		};
		F368253525AB4F8000F4EAC0 /* DataScreens */ = {
			isa = PBXGroup;
			children = (
				F368253625AB4F9A00F4EAC0 /* DataFirstScreen.swift */,
				F368253925AB4FAB00F4EAC0 /* DataSecondScreen.swift */,
			);
			path = DataScreens;
			sourceTree = "<group>";
		};
		F368253C25AB56BF00F4EAC0 /* protocols */ = {
			isa = PBXGroup;
			children = (
				F368253D25AB56CD00F4EAC0 /* protocols.swift */,
			);
			path = protocols;
			sourceTree = "<group>";
		};
		F37BDCCF25AC3451003DA4D4 /* Animations */ = {
			isa = PBXGroup;
			children = (
				F37BDCD325AC7EFB003DA4D4 /* Lottie */,
				F37BDCD025AC3464003DA4D4 /* AnimationScreen.swift */,
			);
			path = Animations;
			sourceTree = "<group>";
		};
		F37BDCD325AC7EFB003DA4D4 /* Lottie */ = {
			isa = PBXGroup;
			children = (
				F37BDCD425AC7F5B003DA4D4 /* LottieAnimation.swift */,
			);
			path = Lottie;
			sourceTree = "<group>";
		};
		F37BDCDB25ACADCA003DA4D4 /* jsons */ = {
			isa = PBXGroup;
			children = (
				F37BDCE325ACB34D003DA4D4 /* LottieView.swift */,
				F37BDCEA25ACC377003DA4D4 /* 43260-facebook-tab.json */,
				F37BDCE725ACC2AE003DA4D4 /* fb_icon.json */,
			);
			path = jsons;
			sourceTree = "<group>";
		};
		F3D5CD4925AB5ED2009B0FE3 /* Slides */ = {
			isa = PBXGroup;
			children = (
				F3D5CD4A25AB5EE4009B0FE3 /* SlidesScreen.swift */,
			);
			path = Slides;
			sourceTree = "<group>";
		};
		F3D5CD4E25AB5F90009B0FE3 /* AlertDialog */ = {
			isa = PBXGroup;
			children = (
				F3D5CD4F25AB5FA3009B0FE3 /* AlertDialogScreen.swift */,
			);
			path = AlertDialog;
			sourceTree = "<group>";
		};
/* End PBXGroup section */

/* Begin PBXNativeTarget section */
		F302A5D225AB3F7E0037CF8A /* JuraevApp */ = {
			isa = PBXNativeTarget;
			buildConfigurationList = F302A5EA25AB3F7F0037CF8A /* Build configuration list for PBXNativeTarget "JuraevApp" */;
			buildPhases = (
				F302A5CF25AB3F7E0037CF8A /* Sources */,
				F302A5D025AB3F7E0037CF8A /* Frameworks */,
				F302A5D125AB3F7E0037CF8A /* Resources */,
			);
			buildRules = (
			);
			dependencies = (
			);
			name = JuraevApp;
			packageProductDependencies = (
				F37BDCD825ACA817003DA4D4 /* Lottie */,
			);
			productName = JuraevApp;
			productReference = F302A5D325AB3F7E0037CF8A /* JuraevApp.app */;
			productType = "com.apple.product-type.application";
		};
/* End PBXNativeTarget section */

/* Begin PBXProject section */
		F302A5CB25AB3F7E0037CF8A /* Project object */ = {
			isa = PBXProject;
			attributes = {
				LastSwiftUpdateCheck = 1230;
				LastUpgradeCheck = 1230;
				TargetAttributes = {
					F302A5D225AB3F7E0037CF8A = {
						CreatedOnToolsVersion = 12.3;
					};
				};
			};
			buildConfigurationList = F302A5CE25AB3F7E0037CF8A /* Build configuration list for PBXProject "JuraevApp" */;
			compatibilityVersion = "Xcode 9.3";
			developmentRegion = en;
			hasScannedForEncodings = 0;
			knownRegions = (
				en,
				Base,
			);
			mainGroup = F302A5CA25AB3F7E0037CF8A;
			packageReferences = (
				F37BDCD725ACA817003DA4D4 /* XCRemoteSwiftPackageReference "lottie-ios" */,
			);
			productRefGroup = F302A5D425AB3F7E0037CF8A /* Products */;
			projectDirPath = "";
			projectRoot = "";
			targets = (
				F302A5D225AB3F7E0037CF8A /* JuraevApp */,
			);
		};
/* End PBXProject section */

/* Begin PBXResourcesBuildPhase section */
		F302A5D125AB3F7E0037CF8A /* Resources */ = {
			isa = PBXResourcesBuildPhase;
			buildActionMask = 2147483647;
			files = (
				F37BDCEB25ACC377003DA4D4 /* 43260-facebook-tab.json in Resources */,
				F37BDCE825ACC2AE003DA4D4 /* fb_icon.json in Resources */,
				F302A5E625AB3F7F0037CF8A /* LaunchScreen.storyboard in Resources */,
				F302A5E325AB3F7F0037CF8A /* Preview Assets.xcassets in Resources */,
				F302A5E025AB3F7F0037CF8A /* Assets.xcassets in Resources */,
			);
			runOnlyForDeploymentPostprocessing = 0;
		};
/* End PBXResourcesBuildPhase section */

/* Begin PBXSourcesBuildPhase section */
		F302A5CF25AB3F7E0037CF8A /* Sources */ = {
			isa = PBXSourcesBuildPhase;
			buildActionMask = 2147483647;
			files = (
				F302A5DE25AB3F7E0037CF8A /* JuraevApp.xcdatamodeld in Sources */,
				F3D5CD4B25AB5EE4009B0FE3 /* SlidesScreen.swift in Sources */,
				F37BDCD125AC3464003DA4D4 /* AnimationScreen.swift in Sources */,
				F368253E25AB56CD00F4EAC0 /* protocols.swift in Sources */,
				F368253A25AB4FAB00F4EAC0 /* DataSecondScreen.swift in Sources */,
				F302A5D725AB3F7E0037CF8A /* AppDelegate.swift in Sources */,
				F37BDCD525AC7F5B003DA4D4 /* LottieAnimation.swift in Sources */,
				F302A5D925AB3F7E0037CF8A /* SceneDelegate.swift in Sources */,
				F302A5DB25AB3F7E0037CF8A /* ContentView.swift in Sources */,
				F3D5CD5025AB5FA3009B0FE3 /* AlertDialogScreen.swift in Sources */,
				F368253725AB4F9A00F4EAC0 /* DataFirstScreen.swift in Sources */,
				F37BDCE425ACB34D003DA4D4 /* LottieView.swift in Sources */,
			);
			runOnlyForDeploymentPostprocessing = 0;
		};
/* End PBXSourcesBuildPhase section */

/* Begin PBXVariantGroup section */
		F302A5E425AB3F7F0037CF8A /* LaunchScreen.storyboard */ = {
			isa = PBXVariantGroup;
			children = (
				F302A5E525AB3F7F0037CF8A /* Base */,
			);
			name = LaunchScreen.storyboard;
			sourceTree = "<group>";
		};
/* End PBXVariantGroup section */

/* Begin XCBuildConfiguration section */
		F302A5E825AB3F7F0037CF8A /* Debug */ = {
			isa = XCBuildConfiguration;
			buildSettings = {
				ALWAYS_SEARCH_USER_PATHS = NO;
				CLANG_ANALYZER_NONNULL = YES;
				CLANG_ANALYZER_NUMBER_OBJECT_CONVERSION = YES_AGGRESSIVE;
				CLANG_CXX_LANGUAGE_STANDARD = "gnu++14";
				CLANG_CXX_LIBRARY = "libc++";
				CLANG_ENABLE_MODULES = YES;
				CLANG_ENABLE_OBJC_ARC = YES;
				CLANG_ENABLE_OBJC_WEAK = YES;
				CLANG_WARN_BLOCK_CAPTURE_AUTORELEASING = YES;
				CLANG_WARN_BOOL_CONVERSION = YES;
				CLANG_WARN_COMMA = YES;
				CLANG_WARN_CONSTANT_CONVERSION = YES;
				CLANG_WARN_DEPRECATED_OBJC_IMPLEMENTATIONS = YES;
				CLANG_WARN_DIRECT_OBJC_ISA_USAGE = YES_ERROR;
				CLANG_WARN_DOCUMENTATION_COMMENTS = YES;
				CLANG_WARN_EMPTY_BODY = YES;
				CLANG_WARN_ENUM_CONVERSION = YES;
				CLANG_WARN_INFINITE_RECURSION = YES;
				CLANG_WARN_INT_CONVERSION = YES;
				CLANG_WARN_NON_LITERAL_NULL_CONVERSION = YES;
				CLANG_WARN_OBJC_IMPLICIT_RETAIN_SELF = YES;
				CLANG_WARN_OBJC_LITERAL_CONVERSION = YES;
				CLANG_WARN_OBJC_ROOT_CLASS = YES_ERROR;
				CLANG_WARN_QUOTED_INCLUDE_IN_FRAMEWORK_HEADER = YES;
				CLANG_WARN_RANGE_LOOP_ANALYSIS = YES;
				CLANG_WARN_STRICT_PROTOTYPES = YES;
				CLANG_WARN_SUSPICIOUS_MOVE = YES;
				CLANG_WARN_UNGUARDED_AVAILABILITY = YES_AGGRESSIVE;
				CLANG_WARN_UNREACHABLE_CODE = YES;
				CLANG_WARN__DUPLICATE_METHOD_MATCH = YES;
				COPY_PHASE_STRIP = NO;
				DEBUG_INFORMATION_FORMAT = dwarf;
				ENABLE_STRICT_OBJC_MSGSEND = YES;
				ENABLE_TESTABILITY = YES;
				GCC_C_LANGUAGE_STANDARD = gnu11;
				GCC_DYNAMIC_NO_PIC = NO;
				GCC_NO_COMMON_BLOCKS = YES;
				GCC_OPTIMIZATION_LEVEL = 0;
				GCC_PREPROCESSOR_DEFINITIONS = (
					"DEBUG=1",
					"$(inherited)",
				);
				GCC_WARN_64_TO_32_BIT_CONVERSION = YES;
				GCC_WARN_ABOUT_RETURN_TYPE = YES_ERROR;
				GCC_WARN_UNDECLARED_SELECTOR = YES;
				GCC_WARN_UNINITIALIZED_AUTOS = YES_AGGRESSIVE;
				GCC_WARN_UNUSED_FUNCTION = YES;
				GCC_WARN_UNUSED_VARIABLE = YES;
				IPHONEOS_DEPLOYMENT_TARGET = 14.3;
				MTL_ENABLE_DEBUG_INFO = INCLUDE_SOURCE;
				MTL_FAST_MATH = YES;
				ONLY_ACTIVE_ARCH = YES;
				SDKROOT = iphoneos;
				SWIFT_ACTIVE_COMPILATION_CONDITIONS = DEBUG;
				SWIFT_OPTIMIZATION_LEVEL = "-Onone";
			};
			name = Debug;
		};
		F302A5E925AB3F7F0037CF8A /* Release */ = {
			isa = XCBuildConfiguration;
			buildSettings = {
				ALWAYS_SEARCH_USER_PATHS = NO;
				CLANG_ANALYZER_NONNULL = YES;
				CLANG_ANALYZER_NUMBER_OBJECT_CONVERSION = YES_AGGRESSIVE;
				CLANG_CXX_LANGUAGE_STANDARD = "gnu++14";
				CLANG_CXX_LIBRARY = "libc++";
				CLANG_ENABLE_MODULES = YES;
				CLANG_ENABLE_OBJC_ARC = YES;
				CLANG_ENABLE_OBJC_WEAK = YES;
				CLANG_WARN_BLOCK_CAPTURE_AUTORELEASING = YES;
				CLANG_WARN_BOOL_CONVERSION = YES;
				CLANG_WARN_COMMA = YES;
				CLANG_WARN_CONSTANT_CONVERSION = YES;
				CLANG_WARN_DEPRECATED_OBJC_IMPLEMENTATIONS = YES;
				CLANG_WARN_DIRECT_OBJC_ISA_USAGE = YES_ERROR;
				CLANG_WARN_DOCUMENTATION_COMMENTS = YES;
				CLANG_WARN_EMPTY_BODY = YES;
				CLANG_WARN_ENUM_CONVERSION = YES;
				CLANG_WARN_INFINITE_RECURSION = YES;
				CLANG_WARN_INT_CONVERSION = YES;
				CLANG_WARN_NON_LITERAL_NULL_CONVERSION = YES;
				CLANG_WARN_OBJC_IMPLICIT_RETAIN_SELF = YES;
				CLANG_WARN_OBJC_LITERAL_CONVERSION = YES;
				CLANG_WARN_OBJC_ROOT_CLASS = YES_ERROR;
				CLANG_WARN_QUOTED_INCLUDE_IN_FRAMEWORK_HEADER = YES;
				CLANG_WARN_RANGE_LOOP_ANALYSIS = YES;
				CLANG_WARN_STRICT_PROTOTYPES = YES;
				CLANG_WARN_SUSPICIOUS_MOVE = YES;
				CLANG_WARN_UNGUARDED_AVAILABILITY = YES_AGGRESSIVE;
				CLANG_WARN_UNREACHABLE_CODE = YES;
				CLANG_WARN__DUPLICATE_METHOD_MATCH = YES;
				COPY_PHASE_STRIP = NO;
				DEBUG_INFORMATION_FORMAT = "dwarf-with-dsym";
				ENABLE_NS_ASSERTIONS = NO;
				ENABLE_STRICT_OBJC_MSGSEND = YES;
				GCC_C_LANGUAGE_STANDARD = gnu11;
				GCC_NO_COMMON_BLOCKS = YES;
				GCC_WARN_64_TO_32_BIT_CONVERSION = YES;
				GCC_WARN_ABOUT_RETURN_TYPE = YES_ERROR;
				GCC_WARN_UNDECLARED_SELECTOR = YES;
				GCC_WARN_UNINITIALIZED_AUTOS = YES_AGGRESSIVE;
				GCC_WARN_UNUSED_FUNCTION = YES;
				GCC_WARN_UNUSED_VARIABLE = YES;
				IPHONEOS_DEPLOYMENT_TARGET = 14.3;
				MTL_ENABLE_DEBUG_INFO = NO;
				MTL_FAST_MATH = YES;
				SDKROOT = iphoneos;
				SWIFT_COMPILATION_MODE = wholemodule;
				SWIFT_OPTIMIZATION_LEVEL = "-O";
				VALIDATE_PRODUCT = YES;
			};
			name = Release;
		};
		F302A5EB25AB3F7F0037CF8A /* Debug */ = {
			isa = XCBuildConfiguration;
			buildSettings = {
				ASSETCATALOG_COMPILER_APPICON_NAME = AppIcon;
				ASSETCATALOG_COMPILER_GLOBAL_ACCENT_COLOR_NAME = AccentColor;
				CODE_SIGN_STYLE = Automatic;
				DEVELOPMENT_ASSET_PATHS = "\"JuraevApp/Preview Content\"";
				DEVELOPMENT_TEAM = RXC5B5KH7P;
				ENABLE_PREVIEWS = YES;
				INFOPLIST_FILE = JuraevApp/Info.plist;
				LD_RUNPATH_SEARCH_PATHS = (
					"$(inherited)",
					"@executable_path/Frameworks",
				);
				PRODUCT_BUNDLE_IDENTIFIER = com.juraev.JuraevApp;
				PRODUCT_NAME = "$(TARGET_NAME)";
				SWIFT_VERSION = 5.0;
				TARGETED_DEVICE_FAMILY = "1,2";
			};
			name = Debug;
		};
		F302A5EC25AB3F7F0037CF8A /* Release */ = {
			isa = XCBuildConfiguration;
			buildSettings = {
				ASSETCATALOG_COMPILER_APPICON_NAME = AppIcon;
				ASSETCATALOG_COMPILER_GLOBAL_ACCENT_COLOR_NAME = AccentColor;
				CODE_SIGN_STYLE = Automatic;
				DEVELOPMENT_ASSET_PATHS = "\"JuraevApp/Preview Content\"";
				DEVELOPMENT_TEAM = RXC5B5KH7P;
				ENABLE_PREVIEWS = YES;
				INFOPLIST_FILE = JuraevApp/Info.plist;
				LD_RUNPATH_SEARCH_PATHS = (
					"$(inherited)",
					"@executable_path/Frameworks",
				);
				PRODUCT_BUNDLE_IDENTIFIER = com.juraev.JuraevApp;
				PRODUCT_NAME = "$(TARGET_NAME)";
				SWIFT_VERSION = 5.0;
				TARGETED_DEVICE_FAMILY = "1,2";
			};
			name = Release;
		};
/* End XCBuildConfiguration section */

/* Begin XCConfigurationList section */
		F302A5CE25AB3F7E0037CF8A /* Build configuration list for PBXProject "JuraevApp" */ = {
			isa = XCConfigurationList;
			buildConfigurations = (
				F302A5E825AB3F7F0037CF8A /* Debug */,
				F302A5E925AB3F7F0037CF8A /* Release */,
			);
			defaultConfigurationIsVisible = 0;
			defaultConfigurationName = Release;
		};
		F302A5EA25AB3F7F0037CF8A /* Build configuration list for PBXNativeTarget "JuraevApp" */ = {
			isa = XCConfigurationList;
			buildConfigurations = (
				F302A5EB25AB3F7F0037CF8A /* Debug */,
				F302A5EC25AB3F7F0037CF8A /* Release */,
			);
			defaultConfigurationIsVisible = 0;
			defaultConfigurationName = Release;
		};
/* End XCConfigurationList section */

/* Begin XCRemoteSwiftPackageReference section */
		F37BDCD725ACA817003DA4D4 /* XCRemoteSwiftPackageReference "lottie-ios" */ = {
			isa = XCRemoteSwiftPackageReference;
			repositoryURL = "https://github.com/airbnb/lottie-ios.git";
			requirement = {
				kind = upToNextMajorVersion;
				minimumVersion = 3.1.9;
			};
		};
/* End XCRemoteSwiftPackageReference section */

/* Begin XCSwiftPackageProductDependency section */
		F37BDCD825ACA817003DA4D4 /* Lottie */ = {
			isa = XCSwiftPackageProductDependency;
			package = F37BDCD725ACA817003DA4D4 /* XCRemoteSwiftPackageReference "lottie-ios" */;
			productName = Lottie;
		};
/* End XCSwiftPackageProductDependency section */

/* Begin XCVersionGroup section */
		F302A5DC25AB3F7E0037CF8A /* JuraevApp.xcdatamodeld */ = {
			isa = XCVersionGroup;
			children = (
				F302A5DD25AB3F7E0037CF8A /* JuraevApp.xcdatamodel */,
			);
			currentVersion = F302A5DD25AB3F7E0037CF8A /* JuraevApp.xcdatamodel */;
			path = JuraevApp.xcdatamodeld;
			sourceTree = "<group>";
			versionGroupType = wrapper.xcdatamodel;
		};
/* End XCVersionGroup section */
	};
	rootObject = F302A5CB25AB3F7E0037CF8A /* Project object */;
}
